
Microsoft Visual Studio Solution File, Format Version 12.00
# Visual Studio Version 17
VisualStudioVersion = 17.6.33815.320
MinimumVisualStudioVersion = 10.0.40219.1
Project("{FAE04EC0-301F-11D3-BF4B-00C04F79EFBC}") = "GirilenSayiyiRomaRakamlarinaCevirme", "GirilenSayiyiRomaRakamlarinaCevirme\GirilenSayiyiRomaRakamlarinaCevirme.csproj", "{713BF09C-6CAF-426B-9E77-DF3E9FC09E89}"
EndProject
Global
	GlobalSection(SolutionConfigurationPlatforms) = preSolution
		Debug|Any CPU = Debug|Any CPU
		Release|Any CPU = Release|Any CPU
	EndGlobalSection
	GlobalSection(ProjectConfigurationPlatforms) = postSolution
		{713BF09C-6CAF-426B-9E77-DF3E9FC09E89}.Debug|Any CPU.ActiveCfg = Debug|Any CPU
		{713BF09C-6CAF-426B-9E77-DF3E9FC09E89}.Debug|Any CPU.Build.0 = Debug|Any CPU
		{713BF09C-6CAF-426B-9E77-DF3E9FC09E89}.Release|Any CPU.ActiveCfg = Release|Any CPU
		{713BF09C-6CAF-426B-9E77-DF3E9FC09E89}.Release|Any CPU.Build.0 = Release|Any CPU
	EndGlobalSection
	GlobalSection(SolutionProperties) = preSolution
		HideSolutionNode = FALSE
	EndGlobalSection
	GlobalSection(ExtensibilityGlobals) = postSolution
		SolutionGuid = {A197BAE4-BCC5-4538-8ADD-F1C55AC965C4}
	EndGlobalSection
EndGlobal
